# This file was autogenerated by Stack.
# You should not edit this file by hand.
# For more information, please see the documentation at:
#   https://docs.haskellstack.org/en/stable/lock_files

packages:
- completed:
    name: language-csharp
    version: 0.0.1
    git: https://github.com/hilario-cunha/language-csharp.git
    pantry-tree:
      size: 1106
      sha256: 99e7680eba2f32276c77b33f6e464af24a4094b24df952d452590fd0e8c37118
    commit: c86778fe116c4f7e7c9d6c1f7932e727a17ef5e2
  original:
    git: https://github.com/hilario-cunha/language-csharp.git
    commit: c86778fe116c4f7e7c9d6c1f7932e727a17ef5e2
snapshots:
- completed:
    size: 532383
    url: https://raw.githubusercontent.com/commercialhaskell/stackage-snapshots/master/lts/16/10.yaml
    sha256: 469d781ab6d2a4eceed6b31b6e4ec842dcd3cd1d11577972e86902603dce24df
  original: lts-16.10
